
Microsoft Visual Studio Solution File, Format Version 12.00
# Visual Studio Version 17
VisualStudioVersion = 17.12.35323.107
MinimumVisualStudioVersion = 10.0.40219.1
Project("{FAE04EC0-301F-11D3-BF4B-00C04F79EFBC}") = "HomeWork2", "HomeWork2\HomeWork2.csproj", "{2FC26858-C41B-4832-BE56-56985A54489F}"
EndProject
Global
	GlobalSection(SolutionConfigurationPlatforms) = preSolution
		Debug|Any CPU = Debug|Any CPU
		Release|Any CPU = Release|Any CPU
	EndGlobalSection
	GlobalSection(ProjectConfigurationPlatforms) = postSolution
		{2FC26858-C41B-4832-BE56-56985A54489F}.Debug|Any CPU.ActiveCfg = Debug|Any CPU
		{2FC26858-C41B-4832-BE56-56985A54489F}.Debug|Any CPU.Build.0 = Debug|Any CPU
		{2FC26858-C41B-4832-BE56-56985A54489F}.Release|Any CPU.ActiveCfg = Release|Any CPU
		{2FC26858-C41B-4832-BE56-56985A54489F}.Release|Any CPU.Build.0 = Release|Any CPU
	EndGlobalSection
	GlobalSection(SolutionProperties) = preSolution
		HideSolutionNode = FALSE
	EndGlobalSection
	GlobalSection(ExtensibilityGlobals) = postSolution
		SolutionGuid = {30B32551-34A1-49DA-887A-1754B4EE3F26}
	EndGlobalSection
EndGlobal
